
Microsoft Visual Studio Solution File, Format Version 12.00
# Visual Studio Version 17
VisualStudioVersion = 17.1.32328.378
MinimumVisualStudioVersion = 10.0.40219.1
Project("{8BC9CEB8-8B4A-11D0-8D11-00A0C91BC942}") = "01_1", "1_1\1_1.vcxproj", "{00C6D547-EEAE-43F8-88C6-42F931E8DAC3}"
EndProject
Project("{8BC9CEB8-8B4A-11D0-8D11-00A0C91BC942}") = "01_a", "01_a\01_a.vcxproj", "{2D20E5A8-2F4C-4C13-B6F6-28B9798EB945}"
EndProject
Project("{8BC9CEB8-8B4A-11D0-8D11-00A0C91BC942}") = "01_01_kadai", "01_01_kadai\01_01_kadai.vcxproj", "{CB7B93EC-C7BF-4B2A-B686-40CDB697E7DA}"
EndProject
Project("{8BC9CEB8-8B4A-11D0-8D11-00A0C91BC942}") = "01_2", "01_2\01_2.vcxproj", "{0080C8AB-A76B-4835-A806-C83E6BD7E006}"
EndProject
Project("{8BC9CEB8-8B4A-11D0-8D11-00A0C91BC942}") = "02_1", "02_1\02_1.vcxproj", "{3840BAFF-2233-4A4E-AFFB-4997A09C7FBD}"
EndProject
Project("{8BC9CEB8-8B4A-11D0-8D11-00A0C91BC942}") = "01_4", "01_4\01_4.vcxproj", "{39934C74-E219-4081-B350-2172020A5918}"
EndProject
Project("{8BC9CEB8-8B4A-11D0-8D11-00A0C91BC942}") = "評価課題1", "評価課題1\評価課題1.vcxproj", "{DF1AEF87-62BE-4C16-B378-2EED0364426C}"
EndProject
Project("{8BC9CEB8-8B4A-11D0-8D11-00A0C91BC942}") = "02_01", "02_01\02_01.vcxproj", "{B98305D4-41C4-4175-90B4-3EF74EEEC21A}"
EndProject
Project("{8BC9CEB8-8B4A-11D0-8D11-00A0C91BC942}") = "03_1", "03_1\03_1.vcxproj", "{C5CB608D-A8E6-4655-BF8B-785EF1176DCC}"
EndProject
Project("{8BC9CEB8-8B4A-11D0-8D11-00A0C91BC942}") = "03_02", "03_02\03_02.vcxproj", "{AE4DBB3C-5595-4C6C-B39F-622DB8451986}"
EndProject
Project("{8BC9CEB8-8B4A-11D0-8D11-00A0C91BC942}") = "03_06", "03_06\03_06.vcxproj", "{1E904ED3-CFFD-40FE-B656-55A05361F95D}"
EndProject
Global
	GlobalSection(SolutionConfigurationPlatforms) = preSolution
		Debug|x64 = Debug|x64
		Debug|x86 = Debug|x86
		Release|x64 = Release|x64
		Release|x86 = Release|x86
	EndGlobalSection
	GlobalSection(ProjectConfigurationPlatforms) = postSolution
		{00C6D547-EEAE-43F8-88C6-42F931E8DAC3}.Debug|x64.ActiveCfg = Debug|x64
		{00C6D547-EEAE-43F8-88C6-42F931E8DAC3}.Debug|x64.Build.0 = Debug|x64
		{00C6D547-EEAE-43F8-88C6-42F931E8DAC3}.Debug|x86.ActiveCfg = Debug|Win32
		{00C6D547-EEAE-43F8-88C6-42F931E8DAC3}.Debug|x86.Build.0 = Debug|Win32
		{00C6D547-EEAE-43F8-88C6-42F931E8DAC3}.Release|x64.ActiveCfg = Release|x64
		{00C6D547-EEAE-43F8-88C6-42F931E8DAC3}.Release|x64.Build.0 = Release|x64
		{00C6D547-EEAE-43F8-88C6-42F931E8DAC3}.Release|x86.ActiveCfg = Release|Win32
		{00C6D547-EEAE-43F8-88C6-42F931E8DAC3}.Release|x86.Build.0 = Release|Win32
		{2D20E5A8-2F4C-4C13-B6F6-28B9798EB945}.Debug|x64.ActiveCfg = Debug|x64
		{2D20E5A8-2F4C-4C13-B6F6-28B9798EB945}.Debug|x64.Build.0 = Debug|x64
		{2D20E5A8-2F4C-4C13-B6F6-28B9798EB945}.Debug|x86.ActiveCfg = Debug|Win32
		{2D20E5A8-2F4C-4C13-B6F6-28B9798EB945}.Debug|x86.Build.0 = Debug|Win32
		{2D20E5A8-2F4C-4C13-B6F6-28B9798EB945}.Release|x64.ActiveCfg = Release|x64
		{2D20E5A8-2F4C-4C13-B6F6-28B9798EB945}.Release|x64.Build.0 = Release|x64
		{2D20E5A8-2F4C-4C13-B6F6-28B9798EB945}.Release|x86.ActiveCfg = Release|Win32
		{2D20E5A8-2F4C-4C13-B6F6-28B9798EB945}.Release|x86.Build.0 = Release|Win32
		{CB7B93EC-C7BF-4B2A-B686-40CDB697E7DA}.Debug|x64.ActiveCfg = Debug|x64
		{CB7B93EC-C7BF-4B2A-B686-40CDB697E7DA}.Debug|x64.Build.0 = Debug|x64
		{CB7B93EC-C7BF-4B2A-B686-40CDB697E7DA}.Debug|x86.ActiveCfg = Debug|Win32
		{CB7B93EC-C7BF-4B2A-B686-40CDB697E7DA}.Debug|x86.Build.0 = Debug|Win32
		{CB7B93EC-C7BF-4B2A-B686-40CDB697E7DA}.Release|x64.ActiveCfg = Release|x64
		{CB7B93EC-C7BF-4B2A-B686-40CDB697E7DA}.Release|x64.Build.0 = Release|x64
		{CB7B93EC-C7BF-4B2A-B686-40CDB697E7DA}.Release|x86.ActiveCfg = Release|Win32
		{CB7B93EC-C7BF-4B2A-B686-40CDB697E7DA}.Release|x86.Build.0 = Release|Win32
		{0080C8AB-A76B-4835-A806-C83E6BD7E006}.Debug|x64.ActiveCfg = Debug|x64
		{0080C8AB-A76B-4835-A806-C83E6BD7E006}.Debug|x64.Build.0 = Debug|x64
		{0080C8AB-A76B-4835-A806-C83E6BD7E006}.Debug|x86.ActiveCfg = Debug|Win32
		{0080C8AB-A76B-4835-A806-C83E6BD7E006}.Debug|x86.Build.0 = Debug|Win32
		{0080C8AB-A76B-4835-A806-C83E6BD7E006}.Release|x64.ActiveCfg = Release|x64
		{0080C8AB-A76B-4835-A806-C83E6BD7E006}.Release|x64.Build.0 = Release|x64
		{0080C8AB-A76B-4835-A806-C83E6BD7E006}.Release|x86.ActiveCfg = Release|Win32
		{0080C8AB-A76B-4835-A806-C83E6BD7E006}.Release|x86.Build.0 = Release|Win32
		{3840BAFF-2233-4A4E-AFFB-4997A09C7FBD}.Debug|x64.ActiveCfg = Debug|x64
		{3840BAFF-2233-4A4E-AFFB-4997A09C7FBD}.Debug|x64.Build.0 = Debug|x64
		{3840BAFF-2233-4A4E-AFFB-4997A09C7FBD}.Debug|x86.ActiveCfg = Debug|Win32
		{3840BAFF-2233-4A4E-AFFB-4997A09C7FBD}.Debug|x86.Build.0 = Debug|Win32
		{3840BAFF-2233-4A4E-AFFB-4997A09C7FBD}.Release|x64.ActiveCfg = Release|x64
		{3840BAFF-2233-4A4E-AFFB-4997A09C7FBD}.Release|x64.Build.0 = Release|x64
		{3840BAFF-2233-4A4E-AFFB-4997A09C7FBD}.Release|x86.ActiveCfg = Release|Win32
		{3840BAFF-2233-4A4E-AFFB-4997A09C7FBD}.Release|x86.Build.0 = Release|Win32
		{39934C74-E219-4081-B350-2172020A5918}.Debug|x64.ActiveCfg = Debug|x64
		{39934C74-E219-4081-B350-2172020A5918}.Debug|x64.Build.0 = Debug|x64
		{39934C74-E219-4081-B350-2172020A5918}.Debug|x86.ActiveCfg = Debug|Win32
		{39934C74-E219-4081-B350-2172020A5918}.Debug|x86.Build.0 = Debug|Win32
		{39934C74-E219-4081-B350-2172020A5918}.Release|x64.ActiveCfg = Release|x64
		{39934C74-E219-4081-B350-2172020A5918}.Release|x64.Build.0 = Release|x64
		{39934C74-E219-4081-B350-2172020A5918}.Release|x86.ActiveCfg = Release|Win32
		{39934C74-E219-4081-B350-2172020A5918}.Release|x86.Build.0 = Release|Win32
		{DF1AEF87-62BE-4C16-B378-2EED0364426C}.Debug|x64.ActiveCfg = Debug|x64
		{DF1AEF87-62BE-4C16-B378-2EED0364426C}.Debug|x64.Build.0 = Debug|x64
		{DF1AEF87-62BE-4C16-B378-2EED0364426C}.Debug|x86.ActiveCfg = Debug|Win32
		{DF1AEF87-62BE-4C16-B378-2EED0364426C}.Debug|x86.Build.0 = Debug|Win32
		{DF1AEF87-62BE-4C16-B378-2EED0364426C}.Release|x64.ActiveCfg = Release|x64
		{DF1AEF87-62BE-4C16-B378-2EED0364426C}.Release|x64.Build.0 = Release|x64
		{DF1AEF87-62BE-4C16-B378-2EED0364426C}.Release|x86.ActiveCfg = Release|Win32
		{DF1AEF87-62BE-4C16-B378-2EED0364426C}.Release|x86.Build.0 = Release|Win32
		{B98305D4-41C4-4175-90B4-3EF74EEEC21A}.Debug|x64.ActiveCfg = Debug|x64
		{B98305D4-41C4-4175-90B4-3EF74EEEC21A}.Debug|x64.Build.0 = Debug|x64
		{B98305D4-41C4-4175-90B4-3EF74EEEC21A}.Debug|x86.ActiveCfg = Debug|Win32
		{B98305D4-41C4-4175-90B4-3EF74EEEC21A}.Debug|x86.Build.0 = Debug|Win32
		{B98305D4-41C4-4175-90B4-3EF74EEEC21A}.Release|x64.ActiveCfg = Release|x64
		{B98305D4-41C4-4175-90B4-3EF74EEEC21A}.Release|x64.Build.0 = Release|x64
		{B98305D4-41C4-4175-90B4-3EF74EEEC21A}.Release|x86.ActiveCfg = Release|Win32
		{B98305D4-41C4-4175-90B4-3EF74EEEC21A}.Release|x86.Build.0 = Release|Win32
		{C5CB608D-A8E6-4655-BF8B-785EF1176DCC}.Debug|x64.ActiveCfg = Debug|x64
		{C5CB608D-A8E6-4655-BF8B-785EF1176DCC}.Debug|x64.Build.0 = Debug|x64
		{C5CB608D-A8E6-4655-BF8B-785EF1176DCC}.Debug|x86.ActiveCfg = Debug|Win32
		{C5CB608D-A8E6-4655-BF8B-785EF1176DCC}.Debug|x86.Build.0 = Debug|Win32
		{C5CB608D-A8E6-4655-BF8B-785EF1176DCC}.Release|x64.ActiveCfg = Release|x64
		{C5CB608D-A8E6-4655-BF8B-785EF1176DCC}.Release|x64.Build.0 = Release|x64
		{C5CB608D-A8E6-4655-BF8B-785EF1176DCC}.Release|x86.ActiveCfg = Release|Win32
		{C5CB608D-A8E6-4655-BF8B-785EF1176DCC}.Release|x86.Build.0 = Release|Win32
		{AE4DBB3C-5595-4C6C-B39F-622DB8451986}.Debug|x64.ActiveCfg = Debug|x64
		{AE4DBB3C-5595-4C6C-B39F-622DB8451986}.Debug|x64.Build.0 = Debug|x64
		{AE4DBB3C-5595-4C6C-B39F-622DB8451986}.Debug|x86.ActiveCfg = Debug|Win32
		{AE4DBB3C-5595-4C6C-B39F-622DB8451986}.Debug|x86.Build.0 = Debug|Win32
		{AE4DBB3C-5595-4C6C-B39F-622DB8451986}.Release|x64.ActiveCfg = Release|x64
		{AE4DBB3C-5595-4C6C-B39F-622DB8451986}.Release|x64.Build.0 = Release|x64
		{AE4DBB3C-5595-4C6C-B39F-622DB8451986}.Release|x86.ActiveCfg = Release|Win32
		{AE4DBB3C-5595-4C6C-B39F-622DB8451986}.Release|x86.Build.0 = Release|Win32
		{1E904ED3-CFFD-40FE-B656-55A05361F95D}.Debug|x64.ActiveCfg = Debug|x64
		{1E904ED3-CFFD-40FE-B656-55A05361F95D}.Debug|x64.Build.0 = Debug|x64
		{1E904ED3-CFFD-40FE-B656-55A05361F95D}.Debug|x86.ActiveCfg = Debug|Win32
		{1E904ED3-CFFD-40FE-B656-55A05361F95D}.Debug|x86.Build.0 = Debug|Win32
		{1E904ED3-CFFD-40FE-B656-55A05361F95D}.Release|x64.ActiveCfg = Release|x64
		{1E904ED3-CFFD-40FE-B656-55A05361F95D}.Release|x64.Build.0 = Release|x64
		{1E904ED3-CFFD-40FE-B656-55A05361F95D}.Release|x86.ActiveCfg = Release|Win32
		{1E904ED3-CFFD-40FE-B656-55A05361F95D}.Release|x86.Build.0 = Release|Win32
	EndGlobalSection
	GlobalSection(SolutionProperties) = preSolution
		HideSolutionNode = FALSE
	EndGlobalSection
	GlobalSection(ExtensibilityGlobals) = postSolution
		SolutionGuid = {8691F3D5-FCBF-4189-B3C3-B37D262F4E87}
	EndGlobalSection
EndGlobal
